
Microsoft Visual Studio Solution File, Format Version 12.00
# Visual Studio Version 16
VisualStudioVersion = 16.0.30621.155
MinimumVisualStudioVersion = 10.0.40219.1
Project("{9A19103F-16F7-4668-BE54-9A1E7A4F7556}") = "SlijterijSjonnieLoper", "SlijterijSjonnieLoper\SlijterijSjonnieLoper.csproj", "{31C7F55D-D8B6-48F8-9F67-60ECED6F0BC0}"
EndProject
Project("{9A19103F-16F7-4668-BE54-9A1E7A4F7556}") = "SlijterijSjonnieLoper.Core", "SlijterijSjonnieLoper.Core\SlijterijSjonnieLoper.Core.csproj", "{803A6963-F467-466B-A592-EFE2DB4683CD}"
EndProject
Project("{9A19103F-16F7-4668-BE54-9A1E7A4F7556}") = "SlijterijSjonnieLoper.Data", "SlijterijSjonnieLoper.Data\SlijterijSjonnieLoper.Data.csproj", "{28EC5C40-6910-4BA9-9235-8CAA476DCF90}"
EndProject
Global
	GlobalSection(SolutionConfigurationPlatforms) = preSolution
		Debug|Any CPU = Debug|Any CPU
		Release|Any CPU = Release|Any CPU
	EndGlobalSection
	GlobalSection(ProjectConfigurationPlatforms) = postSolution
		{31C7F55D-D8B6-48F8-9F67-60ECED6F0BC0}.Debug|Any CPU.ActiveCfg = Debug|Any CPU
		{31C7F55D-D8B6-48F8-9F67-60ECED6F0BC0}.Debug|Any CPU.Build.0 = Debug|Any CPU
		{31C7F55D-D8B6-48F8-9F67-60ECED6F0BC0}.Release|Any CPU.ActiveCfg = Release|Any CPU
		{31C7F55D-D8B6-48F8-9F67-60ECED6F0BC0}.Release|Any CPU.Build.0 = Release|Any CPU
		{803A6963-F467-466B-A592-EFE2DB4683CD}.Debug|Any CPU.ActiveCfg = Debug|Any CPU
		{803A6963-F467-466B-A592-EFE2DB4683CD}.Debug|Any CPU.Build.0 = Debug|Any CPU
		{803A6963-F467-466B-A592-EFE2DB4683CD}.Release|Any CPU.ActiveCfg = Release|Any CPU
		{803A6963-F467-466B-A592-EFE2DB4683CD}.Release|Any CPU.Build.0 = Release|Any CPU
		{28EC5C40-6910-4BA9-9235-8CAA476DCF90}.Debug|Any CPU.ActiveCfg = Debug|Any CPU
		{28EC5C40-6910-4BA9-9235-8CAA476DCF90}.Debug|Any CPU.Build.0 = Debug|Any CPU
		{28EC5C40-6910-4BA9-9235-8CAA476DCF90}.Release|Any CPU.ActiveCfg = Release|Any CPU
		{28EC5C40-6910-4BA9-9235-8CAA476DCF90}.Release|Any CPU.Build.0 = Release|Any CPU
	EndGlobalSection
	GlobalSection(SolutionProperties) = preSolution
		HideSolutionNode = FALSE
	EndGlobalSection
	GlobalSection(ExtensibilityGlobals) = postSolution
		SolutionGuid = {B2FB6E5E-A8ED-4861-923E-2EA4FC75F611}
	EndGlobalSection
EndGlobal
